// !$*UTF8*$!
{
	archiveVersion = 1;
	classes = {
	};
	objectVersion = 46;
	objects = {

/* Begin PBXBuildFile section */
		9507D82A1AED2D4A009B5706 /* AppDelegate.swift in Sources */ = {isa = PBXBuildFile; fileRef = 9507D8291AED2D4A009B5706 /* AppDelegate.swift */; };
		9507D82C1AED2D4A009B5706 /* ViewController.swift in Sources */ = {isa = PBXBuildFile; fileRef = 9507D82B1AED2D4A009B5706 /* ViewController.swift */; };
		9507D82F1AED2D4A009B5706 /* Main.storyboard in Resources */ = {isa = PBXBuildFile; fileRef = 9507D82D1AED2D4A009B5706 /* Main.storyboard */; };
		9507D8311AED2D4A009B5706 /* Images.xcassets in Resources */ = {isa = PBXBuildFile; fileRef = 9507D8301AED2D4A009B5706 /* Images.xcassets */; };
		9507D8341AED2D4A009B5706 /* LaunchScreen.xib in Resources */ = {isa = PBXBuildFile; fileRef = 9507D8321AED2D4A009B5706 /* LaunchScreen.xib */; };
		9507D8401AED2D4A009B5706 /* simpleWebViewTests.swift in Sources */ = {isa = PBXBuildFile; fileRef = 9507D83F1AED2D4A009B5706 /* simpleWebViewTests.swift */; };
		9507D84C1AED2F76009B5706 /* WebViewController.swift in Sources */ = {isa = PBXBuildFile; fileRef = 9507D84B1AED2F76009B5706 /* WebViewController.swift */; };
		9507D8511AED4713009B5706 /* arrow-left.png in Resources */ = {isa = PBXBuildFile; fileRef = 9507D84F1AED4713009B5706 /* arrow-left.png */; };
		9507D8521AED4713009B5706 /* arrow-right.png in Resources */ = {isa = PBXBuildFile; fileRef = 9507D8501AED4713009B5706 /* arrow-right.png */; };
		9507D8551AED471B009B5706 /* facebook-black.png in Resources */ = {isa = PBXBuildFile; fileRef = 9507D8531AED471B009B5706 /* facebook-black.png */; };
		9507D8561AED471B009B5706 /* twitter-black.png in Resources */ = {isa = PBXBuildFile; fileRef = 9507D8541AED471B009B5706 /* twitter-black.png */; };
		9507D8581AED4B97009B5706 /* Social.framework in Frameworks */ = {isa = PBXBuildFile; fileRef = 9507D8571AED4B97009B5706 /* Social.framework */; };
/* End PBXBuildFile section */

/* Begin PBXContainerItemProxy section */
		9507D83A1AED2D4A009B5706 /* PBXContainerItemProxy */ = {
			isa = PBXContainerItemProxy;
			containerPortal = 9507D81C1AED2D4A009B5706 /* Project object */;
			proxyType = 1;
			remoteGlobalIDString = 9507D8231AED2D4A009B5706;
			remoteInfo = simpleWebView;
		};
/* End PBXContainerItemProxy section */

/* Begin PBXFileReference section */
		9507D8241AED2D4A009B5706 /* simpleWebView.app */ = {isa = PBXFileReference; explicitFileType = wrapper.application; includeInIndex = 0; path = simpleWebView.app; sourceTree = BUILT_PRODUCTS_DIR; };
		9507D8281AED2D4A009B5706 /* Info.plist */ = {isa = PBXFileReference; lastKnownFileType = text.plist.xml; path = Info.plist; sourceTree = "<group>"; };
		9507D8291AED2D4A009B5706 /* AppDelegate.swift */ = {isa = PBXFileReference; lastKnownFileType = sourcecode.swift; path = AppDelegate.swift; sourceTree = "<group>"; };
		9507D82B1AED2D4A009B5706 /* ViewController.swift */ = {isa = PBXFileReference; lastKnownFileType = sourcecode.swift; path = ViewController.swift; sourceTree = "<group>"; };
		9507D82E1AED2D4A009B5706 /* Base */ = {isa = PBXFileReference; lastKnownFileType = file.storyboard; name = Base; path = Base.lproj/Main.storyboard; sourceTree = "<group>"; };
		9507D8301AED2D4A009B5706 /* Images.xcassets */ = {isa = PBXFileReference; lastKnownFileType = folder.assetcatalog; path = Images.xcassets; sourceTree = "<group>"; };
		9507D8331AED2D4A009B5706 /* Base */ = {isa = PBXFileReference; lastKnownFileType = file.xib; name = Base; path = Base.lproj/LaunchScreen.xib; sourceTree = "<group>"; };
		9507D8391AED2D4A009B5706 /* simpleWebViewTests.xctest */ = {isa = PBXFileReference; explicitFileType = wrapper.cfbundle; includeInIndex = 0; path = simpleWebViewTests.xctest; sourceTree = BUILT_PRODUCTS_DIR; };
		9507D83E1AED2D4A009B5706 /* Info.plist */ = {isa = PBXFileReference; lastKnownFileType = text.plist.xml; path = Info.plist; sourceTree = "<group>"; };
		9507D83F1AED2D4A009B5706 /* simpleWebViewTests.swift */ = {isa = PBXFileReference; lastKnownFileType = sourcecode.swift; path = simpleWebViewTests.swift; sourceTree = "<group>"; };
		9507D84B1AED2F76009B5706 /* WebViewController.swift */ = {isa = PBXFileReference; fileEncoding = 4; lastKnownFileType = sourcecode.swift; path = WebViewController.swift; sourceTree = "<group>"; };
		9507D84F1AED4713009B5706 /* arrow-left.png */ = {isa = PBXFileReference; lastKnownFileType = image.png; path = "arrow-left.png"; sourceTree = "<group>"; };
		9507D8501AED4713009B5706 /* arrow-right.png */ = {isa = PBXFileReference; lastKnownFileType = image.png; path = "arrow-right.png"; sourceTree = "<group>"; };
		9507D8531AED471B009B5706 /* facebook-black.png */ = {isa = PBXFileReference; lastKnownFileType = image.png; path = "facebook-black.png"; sourceTree = "<group>"; };
		9507D8541AED471B009B5706 /* twitter-black.png */ = {isa = PBXFileReference; lastKnownFileType = image.png; path = "twitter-black.png"; sourceTree = "<group>"; };
		9507D8571AED4B97009B5706 /* Social.framework */ = {isa = PBXFileReference; lastKnownFileType = wrapper.framework; name = Social.framework; path = System/Library/Frameworks/Social.framework; sourceTree = SDKROOT; };
/* End PBXFileReference section */

/* Begin PBXFrameworksBuildPhase section */
		9507D8211AED2D4A009B5706 /* Frameworks */ = {
			isa = PBXFrameworksBuildPhase;
			buildActionMask = 2147483647;
			files = (
				9507D8581AED4B97009B5706 /* Social.framework in Frameworks */,
			);
			runOnlyForDeploymentPostprocessing = 0;
		};
		9507D8361AED2D4A009B5706 /* Frameworks */ = {
			isa = PBXFrameworksBuildPhase;
			buildActionMask = 2147483647;
			files = (
			);
			runOnlyForDeploymentPostprocessing = 0;
		};
/* End PBXFrameworksBuildPhase section */

/* Begin PBXGroup section */
		9507D81B1AED2D4A009B5706 = {
			isa = PBXGroup;
			children = (
				9507D8251AED2D4A009B5706 /* Products */,
				9507D8261AED2D4A009B5706 /* simpleWebView */,
				9507D83C1AED2D4A009B5706 /* simpleWebViewTests */,
			);
			sourceTree = "<group>";
		};
		9507D8251AED2D4A009B5706 /* Products */ = {
			isa = PBXGroup;
			children = (
				9507D8241AED2D4A009B5706 /* simpleWebView.app */,
				9507D8391AED2D4A009B5706 /* simpleWebViewTests.xctest */,
			);
			name = Products;
			sourceTree = "<group>";
		};
		9507D8261AED2D4A009B5706 /* simpleWebView */ = {
			isa = PBXGroup;
			children = (
				9507D8291AED2D4A009B5706 /* AppDelegate.swift */,
				9507D82B1AED2D4A009B5706 /* ViewController.swift */,
				9507D84B1AED2F76009B5706 /* WebViewController.swift */,
				9507D82D1AED2D4A009B5706 /* Main.storyboard */,
				9507D8301AED2D4A009B5706 /* Images.xcassets */,
				9507D8321AED2D4A009B5706 /* LaunchScreen.xib */,
				9507D8271AED2D4A009B5706 /* Supporting Files */,
				9507D84D1AED46FD009B5706 /* resources */,
			);
			path = simpleWebView;
			sourceTree = "<group>";
		};
		9507D8271AED2D4A009B5706 /* Supporting Files */ = {
			isa = PBXGroup;
			children = (
				9507D8281AED2D4A009B5706 /* Info.plist */,
			);
			name = "Supporting Files";
			sourceTree = "<group>";
		};
		9507D83C1AED2D4A009B5706 /* simpleWebViewTests */ = {
			isa = PBXGroup;
			children = (
				9507D83F1AED2D4A009B5706 /* simpleWebViewTests.swift */,
				9507D83D1AED2D4A009B5706 /* Supporting Files */,
			);
			path = simpleWebViewTests;
			sourceTree = "<group>";
		};
		9507D83D1AED2D4A009B5706 /* Supporting Files */ = {
			isa = PBXGroup;
			children = (
				9507D83E1AED2D4A009B5706 /* Info.plist */,
			);
			name = "Supporting Files";
			sourceTree = "<group>";
		};
		9507D84D1AED46FD009B5706 /* resources */ = {
			isa = PBXGroup;
			children = (
				9507D8591AED4BA3009B5706 /* frameworks */,
				9507D84E1AED4706009B5706 /* images */,
			);
			name = resources;
			sourceTree = "<group>";
		};
		9507D84E1AED4706009B5706 /* images */ = {
			isa = PBXGroup;
			children = (
				9507D8531AED471B009B5706 /* facebook-black.png */,
				9507D8541AED471B009B5706 /* twitter-black.png */,
				9507D84F1AED4713009B5706 /* arrow-left.png */,
				9507D8501AED4713009B5706 /* arrow-right.png */,
			);
			name = images;
			sourceTree = "<group>";
		};
		9507D8591AED4BA3009B5706 /* frameworks */ = {
			isa = PBXGroup;
			children = (
				9507D8571AED4B97009B5706 /* Social.framework */,
			);
			name = frameworks;
			sourceTree = "<group>";
		};
/* End PBXGroup section */

/* Begin PBXNativeTarget section */
		9507D8231AED2D4A009B5706 /* simpleWebView */ = {
			isa = PBXNativeTarget;
			buildConfigurationList = 9507D8431AED2D4A009B5706 /* Build configuration list for PBXNativeTarget "simpleWebView" */;
			buildPhases = (
				9507D8201AED2D4A009B5706 /* Sources */,
				9507D8211AED2D4A009B5706 /* Frameworks */,
				9507D8221AED2D4A009B5706 /* Resources */,
			);
			buildRules = (
			);
			dependencies = (
			);
			name = simpleWebView;
			productName = simpleWebView;
			productReference = 9507D8241AED2D4A009B5706 /* simpleWebView.app */;
			productType = "com.apple.product-type.application";
		};
		9507D8381AED2D4A009B5706 /* simpleWebViewTests */ = {
			isa = PBXNativeTarget;
			buildConfigurationList = 9507D8461AED2D4A009B5706 /* Build configuration list for PBXNativeTarget "simpleWebViewTests" */;
			buildPhases = (
				9507D8351AED2D4A009B5706 /* Sources */,
				9507D8361AED2D4A009B5706 /* Frameworks */,
				9507D8371AED2D4A009B5706 /* Resources */,
			);
			buildRules = (
			);
			dependencies = (
				9507D83B1AED2D4A009B5706 /* PBXTargetDependency */,
			);
			name = simpleWebViewTests;
			productName = simpleWebViewTests;
			productReference = 9507D8391AED2D4A009B5706 /* simpleWebViewTests.xctest */;
			productType = "com.apple.product-type.bundle.unit-test";
		};
/* End PBXNativeTarget section */

/* Begin PBXProject section */
		9507D81C1AED2D4A009B5706 /* Project object */ = {
			isa = PBXProject;
			attributes = {
				LastUpgradeCheck = 0630;
				ORGANIZATIONNAME = yuinchirn;
				TargetAttributes = {
					9507D8231AED2D4A009B5706 = {
						CreatedOnToolsVersion = 6.3;
						DevelopmentTeam = G63UVV55YD;
						LastSwiftMigration = 0830;
					};
					9507D8381AED2D4A009B5706 = {
						CreatedOnToolsVersion = 6.3;
						LastSwiftMigration = 0830;
						TestTargetID = 9507D8231AED2D4A009B5706;
					};
				};
			};
			buildConfigurationList = 9507D81F1AED2D4A009B5706 /* Build configuration list for PBXProject "simpleWebView" */;
			compatibilityVersion = "Xcode 3.2";
			developmentRegion = English;
			hasScannedForEncodings = 0;
			knownRegions = (
				en,
				Base,
			);
			mainGroup = 9507D81B1AED2D4A009B5706;
			productRefGroup = 9507D8251AED2D4A009B5706 /* Products */;
			projectDirPath = "";
			projectRoot = "";
			targets = (
				9507D8231AED2D4A009B5706 /* simpleWebView */,
				9507D8381AED2D4A009B5706 /* simpleWebViewTests */,
			);
		};
/* End PBXProject section */

/* Begin PBXResourcesBuildPhase section */
		9507D8221AED2D4A009B5706 /* Resources */ = {
			isa = PBXResourcesBuildPhase;
			buildActionMask = 2147483647;
			files = (
				9507D8511AED4713009B5706 /* arrow-left.png in Resources */,
				9507D82F1AED2D4A009B5706 /* Main.storyboard in Resources */,
				9507D8341AED2D4A009B5706 /* LaunchScreen.xib in Resources */,
				9507D8561AED471B009B5706 /* twitter-black.png in Resources */,
				9507D8521AED4713009B5706 /* arrow-right.png in Resources */,
				9507D8311AED2D4A009B5706 /* Images.xcassets in Resources */,
				9507D8551AED471B009B5706 /* facebook-black.png in Resources */,
			);
			runOnlyForDeploymentPostprocessing = 0;
		};
		9507D8371AED2D4A009B5706 /* Resources */ = {
			isa = PBXResourcesBuildPhase;
			buildActionMask = 2147483647;
			files = (
			);
			runOnlyForDeploymentPostprocessing = 0;
		};
/* End PBXResourcesBuildPhase section */

/* Begin PBXSourcesBuildPhase section */
		9507D8201AED2D4A009B5706 /* Sources */ = {
			isa = PBXSourcesBuildPhase;
			buildActionMask = 2147483647;
			files = (
				9507D82C1AED2D4A009B5706 /* ViewController.swift in Sources */,
				9507D84C1AED2F76009B5706 /* WebViewController.swift in Sources */,
				9507D82A1AED2D4A009B5706 /* AppDelegate.swift in Sources */,
			);
			runOnlyForDeploymentPostprocessing = 0;
		};
		9507D8351AED2D4A009B5706 /* Sources */ = {
			isa = PBXSourcesBuildPhase;
			buildActionMask = 2147483647;
			files = (
				9507D8401AED2D4A009B5706 /* simpleWebViewTests.swift in Sources */,
			);
			runOnlyForDeploymentPostprocessing = 0;
		};
/* End PBXSourcesBuildPhase section */

/* Begin PBXTargetDependency section */
		9507D83B1AED2D4A009B5706 /* PBXTargetDependency */ = {
			isa = PBXTargetDependency;
			target = 9507D8231AED2D4A009B5706 /* simpleWebView */;
			targetProxy = 9507D83A1AED2D4A009B5706 /* PBXContainerItemProxy */;
		};
/* End PBXTargetDependency section */

/* Begin PBXVariantGroup section */
		9507D82D1AED2D4A009B5706 /* Main.storyboard */ = {
			isa = PBXVariantGroup;
			children = (
				9507D82E1AED2D4A009B5706 /* Base */,
			);
			name = Main.storyboard;
			sourceTree = "<group>";
		};
		9507D8321AED2D4A009B5706 /* LaunchScreen.xib */ = {
			isa = PBXVariantGroup;
			children = (
				9507D8331AED2D4A009B5706 /* Base */,
			);
			name = LaunchScreen.xib;
			sourceTree = "<group>";
		};
/* End PBXVariantGroup section */

/* Begin XCBuildConfiguration section */
		9507D8411AED2D4A009B5706 /* Debug */ = {
			isa = XCBuildConfiguration;
			buildSettings = {
				ALWAYS_SEARCH_USER_PATHS = NO;
				CLANG_CXX_LANGUAGE_STANDARD = "gnu++0x";
				CLANG_CXX_LIBRARY = "libc++";
				CLANG_ENABLE_MODULES = YES;
				CLANG_ENABLE_OBJC_ARC = YES;
				CLANG_WARN_BOOL_CONVERSION = YES;
				CLANG_WARN_CONSTANT_CONVERSION = YES;
				CLANG_WARN_DIRECT_OBJC_ISA_USAGE = YES_ERROR;
				CLANG_WARN_EMPTY_BODY = YES;
				CLANG_WARN_ENUM_CONVERSION = YES;
				CLANG_WARN_INT_CONVERSION = YES;
				CLANG_WARN_OBJC_ROOT_CLASS = YES_ERROR;
				CLANG_WARN_UNREACHABLE_CODE = YES;
				CLANG_WARN__DUPLICATE_METHOD_MATCH = YES;
				"CODE_SIGN_IDENTITY[sdk=iphoneos*]" = "iPhone Developer";
				COPY_PHASE_STRIP = NO;
				DEBUG_INFORMATION_FORMAT = "dwarf-with-dsym";
				ENABLE_STRICT_OBJC_MSGSEND = YES;
				GCC_C_LANGUAGE_STANDARD = gnu99;
				GCC_DYNAMIC_NO_PIC = NO;
				GCC_NO_COMMON_BLOCKS = YES;
				GCC_OPTIMIZATION_LEVEL = 0;
				GCC_PREPROCESSOR_DEFINITIONS = (
					"DEBUG=1",
					"$(inherited)",
				);
				GCC_SYMBOLS_PRIVATE_EXTERN = NO;
				GCC_WARN_64_TO_32_BIT_CONVERSION = YES;
				GCC_WARN_ABOUT_RETURN_TYPE = YES_ERROR;
				GCC_WARN_UNDECLARED_SELECTOR = YES;
				GCC_WARN_UNINITIALIZED_AUTOS = YES_AGGRESSIVE;
				GCC_WARN_UNUSED_FUNCTION = YES;
				GCC_WARN_UNUSED_VARIABLE = YES;
				IPHONEOS_DEPLOYMENT_TARGET = 8.3;
				MTL_ENABLE_DEBUG_INFO = YES;
				ONLY_ACTIVE_ARCH = YES;
				SDKROOT = iphoneos;
				SWIFT_OPTIMIZATION_LEVEL = "-Onone";
			};
			name = Debug;
		};
		9507D8421AED2D4A009B5706 /* Release */ = {
			isa = XCBuildConfiguration;
			buildSettings = {
				ALWAYS_SEARCH_USER_PATHS = NO;
				CLANG_CXX_LANGUAGE_STANDARD = "gnu++0x";
				CLANG_CXX_LIBRARY = "libc++";
				CLANG_ENABLE_MODULES = YES;
				CLANG_ENABLE_OBJC_ARC = YES;
				CLANG_WARN_BOOL_CONVERSION = YES;
				CLANG_WARN_CONSTANT_CONVERSION = YES;
				CLANG_WARN_DIRECT_OBJC_ISA_USAGE = YES_ERROR;
				CLANG_WARN_EMPTY_BODY = YES;
				CLANG_WARN_ENUM_CONVERSION = YES;
				CLANG_WARN_INT_CONVERSION = YES;
				CLANG_WARN_OBJC_ROOT_CLASS = YES_ERROR;
				CLANG_WARN_UNREACHABLE_CODE = YES;
				CLANG_WARN__DUPLICATE_METHOD_MATCH = YES;
				"CODE_SIGN_IDENTITY[sdk=iphoneos*]" = "iPhone Developer";
				COPY_PHASE_STRIP = NO;
				DEBUG_INFORMATION_FORMAT = "dwarf-with-dsym";
				ENABLE_NS_ASSERTIONS = NO;
				ENABLE_STRICT_OBJC_MSGSEND = YES;
				GCC_C_LANGUAGE_STANDARD = gnu99;
				GCC_NO_COMMON_BLOCKS = YES;
				GCC_WARN_64_TO_32_BIT_CONVERSION = YES;
				GCC_WARN_ABOUT_RETURN_TYPE = YES_ERROR;
				GCC_WARN_UNDECLARED_SELECTOR = YES;
				GCC_WARN_UNINITIALIZED_AUTOS = YES_AGGRESSIVE;
				GCC_WARN_UNUSED_FUNCTION = YES;
				GCC_WARN_UNUSED_VARIABLE = YES;
				IPHONEOS_DEPLOYMENT_TARGET = 8.3;
				MTL_ENABLE_DEBUG_INFO = NO;
				SDKROOT = iphoneos;
				VALIDATE_PRODUCT = YES;
			};
			name = Release;
		};
		9507D8441AED2D4A009B5706 /* Debug */ = {
			isa = XCBuildConfiguration;
			buildSettings = {
				ASSETCATALOG_COMPILER_APPICON_NAME = AppIcon;
				ASSETCATALOG_COMPILER_LAUNCHIMAGE_NAME = LaunchImage;
				DEVELOPMENT_TEAM = G63UVV55YD;
				INFOPLIST_FILE = simpleWebView/Info.plist;
				IPHONEOS_DEPLOYMENT_TARGET = 7.0;
				LD_RUNPATH_SEARCH_PATHS = "$(inherited) @executable_path/Frameworks";
				PRODUCT_BUNDLE_IDENTIFIER = zac.20170924.simpleWebView;
				PRODUCT_NAME = "$(TARGET_NAME)";
				SWIFT_VERSION = 3.0;
				TARGETED_DEVICE_FAMILY = "1,2";
			};
			name = Debug;
		};
		9507D8451AED2D4A009B5706 /* Release */ = {
			isa = XCBuildConfiguration;
			buildSettings = {
				ASSETCATALOG_COMPILER_APPICON_NAME = AppIcon;
				ASSETCATALOG_COMPILER_LAUNCHIMAGE_NAME = LaunchImage;
				DEVELOPMENT_TEAM = G63UVV55YD;
				INFOPLIST_FILE = simpleWebView/Info.plist;
				IPHONEOS_DEPLOYMENT_TARGET = 7.0;
				LD_RUNPATH_SEARCH_PATHS = "$(inherited) @executable_path/Frameworks";
				PRODUCT_BUNDLE_IDENTIFIER = zac.20170924.simpleWebView;
				PRODUCT_NAME = "$(TARGET_NAME)";
				SWIFT_VERSION = 3.0;
				TARGETED_DEVICE_FAMILY = "1,2";
			};
			name = Release;
		};
		9507D8471AED2D4A009B5706 /* Debug */ = {
			isa = XCBuildConfiguration;
			buildSettings = {
				BUNDLE_LOADER = "$(TEST_HOST)";
				FRAMEWORK_SEARCH_PATHS = (
					"$(SDKROOT)/Developer/Library/Frameworks",
					"$(inherited)",
				);
				GCC_PREPROCESSOR_DEFINITIONS = (
					"DEBUG=1",
					"$(inherited)",
				);
				INFOPLIST_FILE = simpleWebViewTests/Info.plist;
				LD_RUNPATH_SEARCH_PATHS = "$(inherited) @executable_path/Frameworks @loader_path/Frameworks";
				PRODUCT_NAME = "$(TARGET_NAME)";
				SWIFT_VERSION = 3.0;
				TEST_HOST = "$(BUILT_PRODUCTS_DIR)/simpleWebView.app/simpleWebView";
			};
			name = Debug;
		};
		9507D8481AED2D4A009B5706 /* Release */ = {
			isa = XCBuildConfiguration;
			buildSettings = {
				BUNDLE_LOADER = "$(TEST_HOST)";
				FRAMEWORK_SEARCH_PATHS = (
					"$(SDKROOT)/Developer/Library/Frameworks",
					"$(inherited)",
				);
				INFOPLIST_FILE = simpleWebViewTests/Info.plist;
				LD_RUNPATH_SEARCH_PATHS = "$(inherited) @executable_path/Frameworks @loader_path/Frameworks";
				PRODUCT_NAME = "$(TARGET_NAME)";
				SWIFT_VERSION = 3.0;
				TEST_HOST = "$(BUILT_PRODUCTS_DIR)/simpleWebView.app/simpleWebView";
			};
			name = Release;
		};
/* End XCBuildConfiguration section */

/* Begin XCConfigurationList section */
		9507D81F1AED2D4A009B5706 /* Build configuration list for PBXProject "simpleWebView" */ = {
			isa = XCConfigurationList;
			buildConfigurations = (
				9507D8411AED2D4A009B5706 /* Debug */,
				9507D8421AED2D4A009B5706 /* Release */,
			);
			defaultConfigurationIsVisible = 0;
			defaultConfigurationName = Release;
		};
		9507D8431AED2D4A009B5706 /* Build configuration list for PBXNativeTarget "simpleWebView" */ = {
			isa = XCConfigurationList;
			buildConfigurations = (
				9507D8441AED2D4A009B5706 /* Debug */,
				9507D8451AED2D4A009B5706 /* Release */,
			);
			defaultConfigurationIsVisible = 0;
			defaultConfigurationName = Release;
		};
		9507D8461AED2D4A009B5706 /* Build configuration list for PBXNativeTarget "simpleWebViewTests" */ = {
			isa = XCConfigurationList;
			buildConfigurations = (
				9507D8471AED2D4A009B5706 /* Debug */,
				9507D8481AED2D4A009B5706 /* Release */,
			);
			defaultConfigurationIsVisible = 0;
			defaultConfigurationName = Release;
		};
/* End XCConfigurationList section */
	};
	rootObject = 9507D81C1AED2D4A009B5706 /* Project object */;
}
